// !$*UTF8*$!
{
	archiveVersion = 1;
	classes = {
	};
	objectVersion = 50;
	objects = {

/* Begin PBXBuildFile section */
		CDA30ED423006774006EC9C9 /* lunar WatchKit App.app in Embed Watch Content */ = {isa = PBXBuildFile; fileRef = CDA30ED323006774006EC9C9 /* lunar WatchKit App.app */; settings = {ATTRIBUTES = (RemoveHeadersOnCopy, ); }; };
		CDA30EDA23006774006EC9C9 /* Interface.storyboard in Resources */ = {isa = PBXBuildFile; fileRef = CDA30ED823006774006EC9C9 /* Interface.storyboard */; };
		CDA30EDC23006775006EC9C9 /* Assets.xcassets in Resources */ = {isa = PBXBuildFile; fileRef = CDA30EDB23006775006EC9C9 /* Assets.xcassets */; };
		CDA30EE323006775006EC9C9 /* lunar WatchKit Extension.appex in Embed App Extensions */ = {isa = PBXBuildFile; fileRef = CDA30EE223006775006EC9C9 /* lunar WatchKit Extension.appex */; settings = {ATTRIBUTES = (RemoveHeadersOnCopy, ); }; };
		CDA30EE823006775006EC9C9 /* ContentView.swift in Sources */ = {isa = PBXBuildFile; fileRef = CDA30EE723006775006EC9C9 /* ContentView.swift */; };
		CDA30EEA23006775006EC9C9 /* HostingController.swift in Sources */ = {isa = PBXBuildFile; fileRef = CDA30EE923006775006EC9C9 /* HostingController.swift */; };
		CDA30EEC23006775006EC9C9 /* ExtensionDelegate.swift in Sources */ = {isa = PBXBuildFile; fileRef = CDA30EEB23006775006EC9C9 /* ExtensionDelegate.swift */; };
		CDA30EEE23006775006EC9C9 /* NotificationController.swift in Sources */ = {isa = PBXBuildFile; fileRef = CDA30EED23006775006EC9C9 /* NotificationController.swift */; };
		CDA30EF023006775006EC9C9 /* NotificationView.swift in Sources */ = {isa = PBXBuildFile; fileRef = CDA30EEF23006775006EC9C9 /* NotificationView.swift */; };
		CDA30EF223006775006EC9C9 /* ComplicationController.swift in Sources */ = {isa = PBXBuildFile; fileRef = CDA30EF123006775006EC9C9 /* ComplicationController.swift */; };
		CDA30EF423006776006EC9C9 /* Assets.xcassets in Resources */ = {isa = PBXBuildFile; fileRef = CDA30EF323006776006EC9C9 /* Assets.xcassets */; };
		CDA30EF723006776006EC9C9 /* Preview Assets.xcassets in Resources */ = {isa = PBXBuildFile; fileRef = CDA30EF623006776006EC9C9 /* Preview Assets.xcassets */; };
/* End PBXBuildFile section */

/* Begin PBXContainerItemProxy section */
		CDA30ED523006774006EC9C9 /* PBXContainerItemProxy */ = {
			isa = PBXContainerItemProxy;
			containerPortal = CDA30EC923006774006EC9C9 /* Project object */;
			proxyType = 1;
			remoteGlobalIDString = CDA30ED223006774006EC9C9;
			remoteInfo = "lunar WatchKit App";
		};
		CDA30EE423006775006EC9C9 /* PBXContainerItemProxy */ = {
			isa = PBXContainerItemProxy;
			containerPortal = CDA30EC923006774006EC9C9 /* Project object */;
			proxyType = 1;
			remoteGlobalIDString = CDA30EE123006775006EC9C9;
			remoteInfo = "lunar WatchKit Extension";
		};
/* End PBXContainerItemProxy section */

/* Begin PBXCopyFilesBuildPhase section */
		CDA30EFF23006776006EC9C9 /* Embed App Extensions */ = {
			isa = PBXCopyFilesBuildPhase;
			buildActionMask = 2147483647;
			dstPath = "";
			dstSubfolderSpec = 13;
			files = (
				CDA30EE323006775006EC9C9 /* lunar WatchKit Extension.appex in Embed App Extensions */,
			);
			name = "Embed App Extensions";
			runOnlyForDeploymentPostprocessing = 0;
		};
		CDA30F0323006776006EC9C9 /* Embed Watch Content */ = {
			isa = PBXCopyFilesBuildPhase;
			buildActionMask = 2147483647;
			dstPath = "$(CONTENTS_FOLDER_PATH)/Watch";
			dstSubfolderSpec = 16;
			files = (
				CDA30ED423006774006EC9C9 /* lunar WatchKit App.app in Embed Watch Content */,
			);
			name = "Embed Watch Content";
			runOnlyForDeploymentPostprocessing = 0;
		};
/* End PBXCopyFilesBuildPhase section */

/* Begin PBXFileReference section */
		CDA30ECF23006774006EC9C9 /* lunar.app */ = {isa = PBXFileReference; explicitFileType = wrapper.application; includeInIndex = 0; path = lunar.app; sourceTree = BUILT_PRODUCTS_DIR; };
		CDA30ED323006774006EC9C9 /* lunar WatchKit App.app */ = {isa = PBXFileReference; explicitFileType = wrapper.application; includeInIndex = 0; path = "lunar WatchKit App.app"; sourceTree = BUILT_PRODUCTS_DIR; };
		CDA30ED923006774006EC9C9 /* Base */ = {isa = PBXFileReference; lastKnownFileType = file.storyboard; name = Base; path = Base.lproj/Interface.storyboard; sourceTree = "<group>"; };
		CDA30EDB23006775006EC9C9 /* Assets.xcassets */ = {isa = PBXFileReference; lastKnownFileType = folder.assetcatalog; path = Assets.xcassets; sourceTree = "<group>"; };
		CDA30EDD23006775006EC9C9 /* Info.plist */ = {isa = PBXFileReference; lastKnownFileType = text.plist.xml; path = Info.plist; sourceTree = "<group>"; };
		CDA30EE223006775006EC9C9 /* lunar WatchKit Extension.appex */ = {isa = PBXFileReference; explicitFileType = "wrapper.app-extension"; includeInIndex = 0; path = "lunar WatchKit Extension.appex"; sourceTree = BUILT_PRODUCTS_DIR; };
		CDA30EE723006775006EC9C9 /* ContentView.swift */ = {isa = PBXFileReference; lastKnownFileType = sourcecode.swift; path = ContentView.swift; sourceTree = "<group>"; };
		CDA30EE923006775006EC9C9 /* HostingController.swift */ = {isa = PBXFileReference; lastKnownFileType = sourcecode.swift; path = HostingController.swift; sourceTree = "<group>"; };
		CDA30EEB23006775006EC9C9 /* ExtensionDelegate.swift */ = {isa = PBXFileReference; lastKnownFileType = sourcecode.swift; path = ExtensionDelegate.swift; sourceTree = "<group>"; };
		CDA30EED23006775006EC9C9 /* NotificationController.swift */ = {isa = PBXFileReference; lastKnownFileType = sourcecode.swift; path = NotificationController.swift; sourceTree = "<group>"; };
		CDA30EEF23006775006EC9C9 /* NotificationView.swift */ = {isa = PBXFileReference; lastKnownFileType = sourcecode.swift; path = NotificationView.swift; sourceTree = "<group>"; };
		CDA30EF123006775006EC9C9 /* ComplicationController.swift */ = {isa = PBXFileReference; lastKnownFileType = sourcecode.swift; path = ComplicationController.swift; sourceTree = "<group>"; };
		CDA30EF323006776006EC9C9 /* Assets.xcassets */ = {isa = PBXFileReference; lastKnownFileType = folder.assetcatalog; path = Assets.xcassets; sourceTree = "<group>"; };
		CDA30EF623006776006EC9C9 /* Preview Assets.xcassets */ = {isa = PBXFileReference; lastKnownFileType = folder.assetcatalog; path = "Preview Assets.xcassets"; sourceTree = "<group>"; };
		CDA30EF823006776006EC9C9 /* Info.plist */ = {isa = PBXFileReference; lastKnownFileType = text.plist.xml; path = Info.plist; sourceTree = "<group>"; };
		CDA30EF923006776006EC9C9 /* PushNotificationPayload.apns */ = {isa = PBXFileReference; lastKnownFileType = text; path = PushNotificationPayload.apns; sourceTree = "<group>"; };
/* End PBXFileReference section */

/* Begin PBXFrameworksBuildPhase section */
		CDA30EDF23006775006EC9C9 /* Frameworks */ = {
			isa = PBXFrameworksBuildPhase;
			buildActionMask = 2147483647;
			files = (
			);
			runOnlyForDeploymentPostprocessing = 0;
		};
/* End PBXFrameworksBuildPhase section */

/* Begin PBXGroup section */
		CDA30EC823006774006EC9C9 = {
			isa = PBXGroup;
			children = (
				CDA30ED723006774006EC9C9 /* lunar WatchKit App */,
				CDA30EE623006775006EC9C9 /* lunar WatchKit Extension */,
				CDA30ED023006774006EC9C9 /* Products */,
			);
			sourceTree = "<group>";
		};
		CDA30ED023006774006EC9C9 /* Products */ = {
			isa = PBXGroup;
			children = (
				CDA30ECF23006774006EC9C9 /* lunar.app */,
				CDA30ED323006774006EC9C9 /* lunar WatchKit App.app */,
				CDA30EE223006775006EC9C9 /* lunar WatchKit Extension.appex */,
			);
			name = Products;
			sourceTree = "<group>";
		};
		CDA30ED723006774006EC9C9 /* lunar WatchKit App */ = {
			isa = PBXGroup;
			children = (
				CDA30ED823006774006EC9C9 /* Interface.storyboard */,
				CDA30EDB23006775006EC9C9 /* Assets.xcassets */,
				CDA30EDD23006775006EC9C9 /* Info.plist */,
			);
			path = "lunar WatchKit App";
			sourceTree = "<group>";
		};
		CDA30EE623006775006EC9C9 /* lunar WatchKit Extension */ = {
			isa = PBXGroup;
			children = (
				CDA30EE723006775006EC9C9 /* ContentView.swift */,
				CDA30EE923006775006EC9C9 /* HostingController.swift */,
				CDA30EEB23006775006EC9C9 /* ExtensionDelegate.swift */,
				CDA30EED23006775006EC9C9 /* NotificationController.swift */,
				CDA30EEF23006775006EC9C9 /* NotificationView.swift */,
				CDA30EF123006775006EC9C9 /* ComplicationController.swift */,
				CDA30EF323006776006EC9C9 /* Assets.xcassets */,
				CDA30EF823006776006EC9C9 /* Info.plist */,
				CDA30EF923006776006EC9C9 /* PushNotificationPayload.apns */,
				CDA30EF523006776006EC9C9 /* Preview Content */,
			);
			path = "lunar WatchKit Extension";
			sourceTree = "<group>";
		};
		CDA30EF523006776006EC9C9 /* Preview Content */ = {
			isa = PBXGroup;
			children = (
				CDA30EF623006776006EC9C9 /* Preview Assets.xcassets */,
			);
			path = "Preview Content";
			sourceTree = "<group>";
		};
/* End PBXGroup section */

/* Begin PBXNativeTarget section */
		CDA30ECE23006774006EC9C9 /* lunar */ = {
			isa = PBXNativeTarget;
			buildConfigurationList = CDA30F0423006776006EC9C9 /* Build configuration list for PBXNativeTarget "lunar" */;
			buildPhases = (
				CDA30ECD23006774006EC9C9 /* Resources */,
				CDA30F0323006776006EC9C9 /* Embed Watch Content */,
			);
			buildRules = (
			);
			dependencies = (
				CDA30ED623006774006EC9C9 /* PBXTargetDependency */,
			);
			name = lunar;
			productName = lunar;
			productReference = CDA30ECF23006774006EC9C9 /* lunar.app */;
			productType = "com.apple.product-type.application.watchapp2-container";
		};
		CDA30ED223006774006EC9C9 /* lunar WatchKit App */ = {
			isa = PBXNativeTarget;
			buildConfigurationList = CDA30F0023006776006EC9C9 /* Build configuration list for PBXNativeTarget "lunar WatchKit App" */;
			buildPhases = (
				CDA30ED123006774006EC9C9 /* Resources */,
				CDA30EFF23006776006EC9C9 /* Embed App Extensions */,
			);
			buildRules = (
			);
			dependencies = (
				CDA30EE523006775006EC9C9 /* PBXTargetDependency */,
			);
			name = "lunar WatchKit App";
			productName = "lunar WatchKit App";
			productReference = CDA30ED323006774006EC9C9 /* lunar WatchKit App.app */;
			productType = "com.apple.product-type.application.watchapp2";
		};
		CDA30EE123006775006EC9C9 /* lunar WatchKit Extension */ = {
			isa = PBXNativeTarget;
			buildConfigurationList = CDA30EFC23006776006EC9C9 /* Build configuration list for PBXNativeTarget "lunar WatchKit Extension" */;
			buildPhases = (
				CDA30EDE23006775006EC9C9 /* Sources */,
				CDA30EDF23006775006EC9C9 /* Frameworks */,
				CDA30EE023006775006EC9C9 /* Resources */,
			);
			buildRules = (
			);
			dependencies = (
			);
			name = "lunar WatchKit Extension";
			productName = "lunar WatchKit Extension";
			productReference = CDA30EE223006775006EC9C9 /* lunar WatchKit Extension.appex */;
			productType = "com.apple.product-type.watchkit2-extension";
		};
/* End PBXNativeTarget section */

/* Begin PBXProject section */
		CDA30EC923006774006EC9C9 /* Project object */ = {
			isa = PBXProject;
			attributes = {
				LastSwiftUpdateCheck = 1100;
				LastUpgradeCheck = 1100;
				ORGANIZATIONNAME = "Bryan Yang";
				TargetAttributes = {
					CDA30ECE23006774006EC9C9 = {
						CreatedOnToolsVersion = 11.0;
					};
					CDA30ED223006774006EC9C9 = {
						CreatedOnToolsVersion = 11.0;
					};
					CDA30EE123006775006EC9C9 = {
						CreatedOnToolsVersion = 11.0;
					};
				};
			};
			buildConfigurationList = CDA30ECC23006774006EC9C9 /* Build configuration list for PBXProject "lunar" */;
			compatibilityVersion = "Xcode 9.3";
			developmentRegion = en;
			hasScannedForEncodings = 0;
			knownRegions = (
				en,
				Base,
			);
			mainGroup = CDA30EC823006774006EC9C9;
			productRefGroup = CDA30ED023006774006EC9C9 /* Products */;
			projectDirPath = "";
			projectRoot = "";
			targets = (
				CDA30ECE23006774006EC9C9 /* lunar */,
				CDA30ED223006774006EC9C9 /* lunar WatchKit App */,
				CDA30EE123006775006EC9C9 /* lunar WatchKit Extension */,
			);
		};
/* End PBXProject section */

/* Begin PBXResourcesBuildPhase section */
		CDA30ECD23006774006EC9C9 /* Resources */ = {
			isa = PBXResourcesBuildPhase;
			buildActionMask = 2147483647;
			files = (
			);
			runOnlyForDeploymentPostprocessing = 0;
		};
		CDA30ED123006774006EC9C9 /* Resources */ = {
			isa = PBXResourcesBuildPhase;
			buildActionMask = 2147483647;
			files = (
				CDA30EDC23006775006EC9C9 /* Assets.xcassets in Resources */,
				CDA30EDA23006774006EC9C9 /* Interface.storyboard in Resources */,
			);
			runOnlyForDeploymentPostprocessing = 0;
		};
		CDA30EE023006775006EC9C9 /* Resources */ = {
			isa = PBXResourcesBuildPhase;
			buildActionMask = 2147483647;
			files = (
				CDA30EF723006776006EC9C9 /* Preview Assets.xcassets in Resources */,
				CDA30EF423006776006EC9C9 /* Assets.xcassets in Resources */,
			);
			runOnlyForDeploymentPostprocessing = 0;
		};
/* End PBXResourcesBuildPhase section */

/* Begin PBXSourcesBuildPhase section */
		CDA30EDE23006775006EC9C9 /* Sources */ = {
			isa = PBXSourcesBuildPhase;
			buildActionMask = 2147483647;
			files = (
				CDA30EEA23006775006EC9C9 /* HostingController.swift in Sources */,
				CDA30EE823006775006EC9C9 /* ContentView.swift in Sources */,
				CDA30EEE23006775006EC9C9 /* NotificationController.swift in Sources */,
				CDA30EEC23006775006EC9C9 /* ExtensionDelegate.swift in Sources */,
				CDA30EF023006775006EC9C9 /* NotificationView.swift in Sources */,
				CDA30EF223006775006EC9C9 /* ComplicationController.swift in Sources */,
			);
			runOnlyForDeploymentPostprocessing = 0;
		};
/* End PBXSourcesBuildPhase section */

/* Begin PBXTargetDependency section */
		CDA30ED623006774006EC9C9 /* PBXTargetDependency */ = {
			isa = PBXTargetDependency;
			target = CDA30ED223006774006EC9C9 /* lunar WatchKit App */;
			targetProxy = CDA30ED523006774006EC9C9 /* PBXContainerItemProxy */;
		};
		CDA30EE523006775006EC9C9 /* PBXTargetDependency */ = {
			isa = PBXTargetDependency;
			target = CDA30EE123006775006EC9C9 /* lunar WatchKit Extension */;
			targetProxy = CDA30EE423006775006EC9C9 /* PBXContainerItemProxy */;
		};
/* End PBXTargetDependency section */

/* Begin PBXVariantGroup section */
		CDA30ED823006774006EC9C9 /* Interface.storyboard */ = {
			isa = PBXVariantGroup;
			children = (
				CDA30ED923006774006EC9C9 /* Base */,
			);
			name = Interface.storyboard;
			sourceTree = "<group>";
		};
/* End PBXVariantGroup section */

/* Begin XCBuildConfiguration section */
		CDA30EFA23006776006EC9C9 /* Debug */ = {
			isa = XCBuildConfiguration;
			buildSettings = {
				ALWAYS_SEARCH_USER_PATHS = NO;
				CLANG_ANALYZER_NONNULL = YES;
				CLANG_ANALYZER_NUMBER_OBJECT_CONVERSION = YES_AGGRESSIVE;
				CLANG_CXX_LANGUAGE_STANDARD = "gnu++14";
				CLANG_CXX_LIBRARY = "libc++";
				CLANG_ENABLE_MODULES = YES;
				CLANG_ENABLE_OBJC_ARC = YES;
				CLANG_ENABLE_OBJC_WEAK = YES;
				CLANG_WARN_BLOCK_CAPTURE_AUTORELEASING = YES;
				CLANG_WARN_BOOL_CONVERSION = YES;
				CLANG_WARN_COMMA = YES;
				CLANG_WARN_CONSTANT_CONVERSION = YES;
				CLANG_WARN_DEPRECATED_OBJC_IMPLEMENTATIONS = YES;
				CLANG_WARN_DIRECT_OBJC_ISA_USAGE = YES_ERROR;
				CLANG_WARN_DOCUMENTATION_COMMENTS = YES;
				CLANG_WARN_EMPTY_BODY = YES;
				CLANG_WARN_ENUM_CONVERSION = YES;
				CLANG_WARN_INFINITE_RECURSION = YES;
				CLANG_WARN_INT_CONVERSION = YES;
				CLANG_WARN_NON_LITERAL_NULL_CONVERSION = YES;
				CLANG_WARN_OBJC_IMPLICIT_RETAIN_SELF = YES;
				CLANG_WARN_OBJC_LITERAL_CONVERSION = YES;
				CLANG_WARN_OBJC_ROOT_CLASS = YES_ERROR;
				CLANG_WARN_RANGE_LOOP_ANALYSIS = YES;
				CLANG_WARN_STRICT_PROTOTYPES = YES;
				CLANG_WARN_SUSPICIOUS_MOVE = YES;
				CLANG_WARN_UNGUARDED_AVAILABILITY = YES_AGGRESSIVE;
				CLANG_WARN_UNREACHABLE_CODE = YES;
				CLANG_WARN__DUPLICATE_METHOD_MATCH = YES;
				COPY_PHASE_STRIP = NO;
				DEBUG_INFORMATION_FORMAT = dwarf;
				ENABLE_STRICT_OBJC_MSGSEND = YES;
				ENABLE_TESTABILITY = YES;
				GCC_C_LANGUAGE_STANDARD = gnu11;
				GCC_DYNAMIC_NO_PIC = NO;
				GCC_NO_COMMON_BLOCKS = YES;
				GCC_OPTIMIZATION_LEVEL = 0;
				GCC_PREPROCESSOR_DEFINITIONS = (
					"DEBUG=1",
					"$(inherited)",
				);
				GCC_WARN_64_TO_32_BIT_CONVERSION = YES;
				GCC_WARN_ABOUT_RETURN_TYPE = YES_ERROR;
				GCC_WARN_UNDECLARED_SELECTOR = YES;
				GCC_WARN_UNINITIALIZED_AUTOS = YES_AGGRESSIVE;
				GCC_WARN_UNUSED_FUNCTION = YES;
				GCC_WARN_UNUSED_VARIABLE = YES;
				MTL_ENABLE_DEBUG_INFO = INCLUDE_SOURCE;
				MTL_FAST_MATH = YES;
				ONLY_ACTIVE_ARCH = YES;
				SDKROOT = iphoneos;
				SWIFT_ACTIVE_COMPILATION_CONDITIONS = DEBUG;
				SWIFT_OPTIMIZATION_LEVEL = "-Onone";
			};
			name = Debug;
		};
		CDA30EFB23006776006EC9C9 /* Release */ = {
			isa = XCBuildConfiguration;
			buildSettings = {
				ALWAYS_SEARCH_USER_PATHS = NO;
				CLANG_ANALYZER_NONNULL = YES;
				CLANG_ANALYZER_NUMBER_OBJECT_CONVERSION = YES_AGGRESSIVE;
				CLANG_CXX_LANGUAGE_STANDARD = "gnu++14";
				CLANG_CXX_LIBRARY = "libc++";
				CLANG_ENABLE_MODULES = YES;
				CLANG_ENABLE_OBJC_ARC = YES;
				CLANG_ENABLE_OBJC_WEAK = YES;
				CLANG_WARN_BLOCK_CAPTURE_AUTORELEASING = YES;
				CLANG_WARN_BOOL_CONVERSION = YES;
				CLANG_WARN_COMMA = YES;
				CLANG_WARN_CONSTANT_CONVERSION = YES;
				CLANG_WARN_DEPRECATED_OBJC_IMPLEMENTATIONS = YES;
				CLANG_WARN_DIRECT_OBJC_ISA_USAGE = YES_ERROR;
				CLANG_WARN_DOCUMENTATION_COMMENTS = YES;
				CLANG_WARN_EMPTY_BODY = YES;
				CLANG_WARN_ENUM_CONVERSION = YES;
				CLANG_WARN_INFINITE_RECURSION = YES;
				CLANG_WARN_INT_CONVERSION = YES;
				CLANG_WARN_NON_LITERAL_NULL_CONVERSION = YES;
				CLANG_WARN_OBJC_IMPLICIT_RETAIN_SELF = YES;
				CLANG_WARN_OBJC_LITERAL_CONVERSION = YES;
				CLANG_WARN_OBJC_ROOT_CLASS = YES_ERROR;
				CLANG_WARN_RANGE_LOOP_ANALYSIS = YES;
				CLANG_WARN_STRICT_PROTOTYPES = YES;
				CLANG_WARN_SUSPICIOUS_MOVE = YES;
				CLANG_WARN_UNGUARDED_AVAILABILITY = YES_AGGRESSIVE;
				CLANG_WARN_UNREACHABLE_CODE = YES;
				CLANG_WARN__DUPLICATE_METHOD_MATCH = YES;
				COPY_PHASE_STRIP = NO;
				DEBUG_INFORMATION_FORMAT = "dwarf-with-dsym";
				ENABLE_NS_ASSERTIONS = NO;
				ENABLE_STRICT_OBJC_MSGSEND = YES;
				GCC_C_LANGUAGE_STANDARD = gnu11;
				GCC_NO_COMMON_BLOCKS = YES;
				GCC_WARN_64_TO_32_BIT_CONVERSION = YES;
				GCC_WARN_ABOUT_RETURN_TYPE = YES_ERROR;
				GCC_WARN_UNDECLARED_SELECTOR = YES;
				GCC_WARN_UNINITIALIZED_AUTOS = YES_AGGRESSIVE;
				GCC_WARN_UNUSED_FUNCTION = YES;
				GCC_WARN_UNUSED_VARIABLE = YES;
				MTL_ENABLE_DEBUG_INFO = NO;
				MTL_FAST_MATH = YES;
				SDKROOT = iphoneos;
				SWIFT_COMPILATION_MODE = wholemodule;
				SWIFT_OPTIMIZATION_LEVEL = "-O";
				VALIDATE_PRODUCT = YES;
			};
			name = Release;
		};
		CDA30EFD23006776006EC9C9 /* Debug */ = {
			isa = XCBuildConfiguration;
			buildSettings = {
				ASSETCATALOG_COMPILER_COMPLICATION_NAME = Complication;
				CODE_SIGN_STYLE = Automatic;
				DEVELOPMENT_ASSET_PATHS = "\"lunar WatchKit Extension\"/Preview\\ Content";
				ENABLE_PREVIEWS = YES;
				INFOPLIST_FILE = "lunar WatchKit Extension/Info.plist";
				LD_RUNPATH_SEARCH_PATHS = (
					"$(inherited)",
					"@executable_path/Frameworks",
					"@executable_path/../../Frameworks",
				);
				PRODUCT_BUNDLE_IDENTIFIER = bryanyang.lunar.watchkitapp.watchkitextension;
				PRODUCT_NAME = "${TARGET_NAME}";
				SDKROOT = watchos;
				SKIP_INSTALL = YES;
				SWIFT_VERSION = 5.0;
				TARGETED_DEVICE_FAMILY = 4;
				WATCHOS_DEPLOYMENT_TARGET = 6.0;
			};
			name = Debug;
		};
		CDA30EFE23006776006EC9C9 /* Release */ = {
			isa = XCBuildConfiguration;
			buildSettings = {
				ASSETCATALOG_COMPILER_COMPLICATION_NAME = Complication;
				CODE_SIGN_STYLE = Automatic;
				DEVELOPMENT_ASSET_PATHS = "\"lunar WatchKit Extension\"/Preview\\ Content";
				ENABLE_PREVIEWS = YES;
				INFOPLIST_FILE = "lunar WatchKit Extension/Info.plist";
				LD_RUNPATH_SEARCH_PATHS = (
					"$(inherited)",
					"@executable_path/Frameworks",
					"@executable_path/../../Frameworks",
				);
				PRODUCT_BUNDLE_IDENTIFIER = bryanyang.lunar.watchkitapp.watchkitextension;
				PRODUCT_NAME = "${TARGET_NAME}";
				SDKROOT = watchos;
				SKIP_INSTALL = YES;
				SWIFT_VERSION = 5.0;
				TARGETED_DEVICE_FAMILY = 4;
				WATCHOS_DEPLOYMENT_TARGET = 6.0;
			};
			name = Release;
		};
		CDA30F0123006776006EC9C9 /* Debug */ = {
			isa = XCBuildConfiguration;
			buildSettings = {
				ALWAYS_EMBED_SWIFT_STANDARD_LIBRARIES = YES;
				ASSETCATALOG_COMPILER_APPICON_NAME = AppIcon;
				CODE_SIGN_STYLE = Automatic;
				IBSC_MODULE = lunar_WatchKit_Extension;
				INFOPLIST_FILE = "lunar WatchKit App/Info.plist";
				PRODUCT_BUNDLE_IDENTIFIER = bryanyang.lunar.watchkitapp;
				PRODUCT_NAME = "$(TARGET_NAME)";
				SDKROOT = watchos;
				SKIP_INSTALL = YES;
				SWIFT_VERSION = 5.0;
				TARGETED_DEVICE_FAMILY = 4;
				WATCHOS_DEPLOYMENT_TARGET = 6.0;
			};
			name = Debug;
		};
		CDA30F0223006776006EC9C9 /* Release */ = {
			isa = XCBuildConfiguration;
			buildSettings = {
				ALWAYS_EMBED_SWIFT_STANDARD_LIBRARIES = YES;
				ASSETCATALOG_COMPILER_APPICON_NAME = AppIcon;
				CODE_SIGN_STYLE = Automatic;
				IBSC_MODULE = lunar_WatchKit_Extension;
				INFOPLIST_FILE = "lunar WatchKit App/Info.plist";
				PRODUCT_BUNDLE_IDENTIFIER = bryanyang.lunar.watchkitapp;
				PRODUCT_NAME = "$(TARGET_NAME)";
				SDKROOT = watchos;
				SKIP_INSTALL = YES;
				SWIFT_VERSION = 5.0;
				TARGETED_DEVICE_FAMILY = 4;
				WATCHOS_DEPLOYMENT_TARGET = 6.0;
			};
			name = Release;
		};
		CDA30F0523006776006EC9C9 /* Debug */ = {
			isa = XCBuildConfiguration;
			buildSettings = {
				CODE_SIGN_STYLE = Automatic;
				CURRENT_PROJECT_VERSION = 1;
				MARKETING_VERSION = 1.0;
				PRODUCT_BUNDLE_IDENTIFIER = bryanyang.lunar;
				PRODUCT_NAME = "$(TARGET_NAME)";
				SWIFT_VERSION = 5.0;
			};
			name = Debug;
		};
		CDA30F0623006776006EC9C9 /* Release */ = {
			isa = XCBuildConfiguration;
			buildSettings = {
				CODE_SIGN_STYLE = Automatic;
				CURRENT_PROJECT_VERSION = 1;
				MARKETING_VERSION = 1.0;
				PRODUCT_BUNDLE_IDENTIFIER = bryanyang.lunar;
				PRODUCT_NAME = "$(TARGET_NAME)";
				SWIFT_VERSION = 5.0;
			};
			name = Release;
		};
/* End XCBuildConfiguration section */

/* Begin XCConfigurationList section */
		CDA30ECC23006774006EC9C9 /* Build configuration list for PBXProject "lunar" */ = {
			isa = XCConfigurationList;
			buildConfigurations = (
				CDA30EFA23006776006EC9C9 /* Debug */,
				CDA30EFB23006776006EC9C9 /* Release */,
			);
			defaultConfigurationIsVisible = 0;
			defaultConfigurationName = Release;
		};
		CDA30EFC23006776006EC9C9 /* Build configuration list for PBXNativeTarget "lunar WatchKit Extension" */ = {
			isa = XCConfigurationList;
			buildConfigurations = (
				CDA30EFD23006776006EC9C9 /* Debug */,
				CDA30EFE23006776006EC9C9 /* Release */,
			);
			defaultConfigurationIsVisible = 0;
			defaultConfigurationName = Release;
		};
		CDA30F0023006776006EC9C9 /* Build configuration list for PBXNativeTarget "lunar WatchKit App" */ = {
			isa = XCConfigurationList;
			buildConfigurations = (
				CDA30F0123006776006EC9C9 /* Debug */,
				CDA30F0223006776006EC9C9 /* Release */,
			);
			defaultConfigurationIsVisible = 0;
			defaultConfigurationName = Release;
		};
		CDA30F0423006776006EC9C9 /* Build configuration list for PBXNativeTarget "lunar" */ = {
			isa = XCConfigurationList;
			buildConfigurations = (
				CDA30F0523006776006EC9C9 /* Debug */,
				CDA30F0623006776006EC9C9 /* Release */,
			);
			defaultConfigurationIsVisible = 0;
			defaultConfigurationName = Release;
		};
/* End XCConfigurationList section */
	};
	rootObject = CDA30EC923006774006EC9C9 /* Project object */;
}
